
Microsoft Visual Studio Solution File, Format Version 12.00
# Visual Studio 15
VisualStudioVersion = 15.0.28307.1000
MinimumVisualStudioVersion = 10.0.40219.1
Project("{FAE04EC0-301F-11D3-BF4B-00C04F79EFBC}") = "ManageEmployees", "ManageEmployees\ManageEmployees.csproj", "{5105D827-204A-4B9E-B00F-89F0DABE224F}"
EndProject
Project("{9A19103F-16F7-4668-BE54-9A1E7A4F7556}") = "CrossCutting", "CrossCutting\CrossCutting.csproj", "{CC96560F-37B1-4389-9CC1-6B3593B71184}"
EndProject
Project("{9A19103F-16F7-4668-BE54-9A1E7A4F7556}") = "Data", "Data\Data.csproj", "{9118425C-E13C-402D-B91A-67BF821B4275}"
EndProject
Project("{9A19103F-16F7-4668-BE54-9A1E7A4F7556}") = "Domain", "Domain\Domain.csproj", "{E1118F3D-E82E-4F61-A9DD-ED641B225B5A}"
EndProject
Project("{9A19103F-16F7-4668-BE54-9A1E7A4F7556}") = "Services", "Services\Services.csproj", "{504799C9-51FE-472D-A6D4-7547069F7E1F}"
EndProject
Project("{9A19103F-16F7-4668-BE54-9A1E7A4F7556}") = "Test", "Test\Test.csproj", "{AA86AB76-554F-4424-B8C8-5604176ACA99}"
EndProject
Project("{9A19103F-16F7-4668-BE54-9A1E7A4F7556}") = "API", "API\API.csproj", "{D902EBAA-291E-446E-9401-B8BEAFD3F462}"
EndProject
Project("{E53339B2-1760-4266-BCC7-CA923CBCF16C}") = "docker-compose", "docker-compose.dcproj", "{F4667902-BC1A-4A32-9885-EFFEB72FD7D6}"
EndProject
Global
	GlobalSection(SolutionConfigurationPlatforms) = preSolution
		Debug|Any CPU = Debug|Any CPU
		Release|Any CPU = Release|Any CPU
	EndGlobalSection
	GlobalSection(ProjectConfigurationPlatforms) = postSolution
		{5105D827-204A-4B9E-B00F-89F0DABE224F}.Debug|Any CPU.ActiveCfg = Debug|Any CPU
		{5105D827-204A-4B9E-B00F-89F0DABE224F}.Debug|Any CPU.Build.0 = Debug|Any CPU
		{5105D827-204A-4B9E-B00F-89F0DABE224F}.Release|Any CPU.ActiveCfg = Release|Any CPU
		{5105D827-204A-4B9E-B00F-89F0DABE224F}.Release|Any CPU.Build.0 = Release|Any CPU
		{CC96560F-37B1-4389-9CC1-6B3593B71184}.Debug|Any CPU.ActiveCfg = Debug|Any CPU
		{CC96560F-37B1-4389-9CC1-6B3593B71184}.Debug|Any CPU.Build.0 = Debug|Any CPU
		{CC96560F-37B1-4389-9CC1-6B3593B71184}.Release|Any CPU.ActiveCfg = Release|Any CPU
		{CC96560F-37B1-4389-9CC1-6B3593B71184}.Release|Any CPU.Build.0 = Release|Any CPU
		{9118425C-E13C-402D-B91A-67BF821B4275}.Debug|Any CPU.ActiveCfg = Debug|Any CPU
		{9118425C-E13C-402D-B91A-67BF821B4275}.Debug|Any CPU.Build.0 = Debug|Any CPU
		{9118425C-E13C-402D-B91A-67BF821B4275}.Release|Any CPU.ActiveCfg = Release|Any CPU
		{9118425C-E13C-402D-B91A-67BF821B4275}.Release|Any CPU.Build.0 = Release|Any CPU
		{E1118F3D-E82E-4F61-A9DD-ED641B225B5A}.Debug|Any CPU.ActiveCfg = Debug|Any CPU
		{E1118F3D-E82E-4F61-A9DD-ED641B225B5A}.Debug|Any CPU.Build.0 = Debug|Any CPU
		{E1118F3D-E82E-4F61-A9DD-ED641B225B5A}.Release|Any CPU.ActiveCfg = Release|Any CPU
		{E1118F3D-E82E-4F61-A9DD-ED641B225B5A}.Release|Any CPU.Build.0 = Release|Any CPU
		{504799C9-51FE-472D-A6D4-7547069F7E1F}.Debug|Any CPU.ActiveCfg = Debug|Any CPU
		{504799C9-51FE-472D-A6D4-7547069F7E1F}.Debug|Any CPU.Build.0 = Debug|Any CPU
		{504799C9-51FE-472D-A6D4-7547069F7E1F}.Release|Any CPU.ActiveCfg = Release|Any CPU
		{504799C9-51FE-472D-A6D4-7547069F7E1F}.Release|Any CPU.Build.0 = Release|Any CPU
		{AA86AB76-554F-4424-B8C8-5604176ACA99}.Debug|Any CPU.ActiveCfg = Debug|Any CPU
		{AA86AB76-554F-4424-B8C8-5604176ACA99}.Debug|Any CPU.Build.0 = Debug|Any CPU
		{AA86AB76-554F-4424-B8C8-5604176ACA99}.Release|Any CPU.ActiveCfg = Release|Any CPU
		{AA86AB76-554F-4424-B8C8-5604176ACA99}.Release|Any CPU.Build.0 = Release|Any CPU
		{D902EBAA-291E-446E-9401-B8BEAFD3F462}.Debug|Any CPU.ActiveCfg = Debug|Any CPU
		{D902EBAA-291E-446E-9401-B8BEAFD3F462}.Debug|Any CPU.Build.0 = Debug|Any CPU
		{D902EBAA-291E-446E-9401-B8BEAFD3F462}.Release|Any CPU.ActiveCfg = Release|Any CPU
		{D902EBAA-291E-446E-9401-B8BEAFD3F462}.Release|Any CPU.Build.0 = Release|Any CPU
		{F4667902-BC1A-4A32-9885-EFFEB72FD7D6}.Debug|Any CPU.ActiveCfg = Debug|Any CPU
		{F4667902-BC1A-4A32-9885-EFFEB72FD7D6}.Debug|Any CPU.Build.0 = Debug|Any CPU
		{F4667902-BC1A-4A32-9885-EFFEB72FD7D6}.Release|Any CPU.ActiveCfg = Release|Any CPU
		{F4667902-BC1A-4A32-9885-EFFEB72FD7D6}.Release|Any CPU.Build.0 = Release|Any CPU
	EndGlobalSection
	GlobalSection(SolutionProperties) = preSolution
		HideSolutionNode = FALSE
	EndGlobalSection
	GlobalSection(ExtensibilityGlobals) = postSolution
		SolutionGuid = {67A56808-2C2E-498C-8F88-7BE974516FFB}
	EndGlobalSection
EndGlobal
